// !$*UTF8*$!
{
	archiveVersion = 1;
	classes = {
	};
	objectVersion = 50;
	objects = {

/* Begin PBXBuildFile section */
		59216D3B26B84032007AEB14 /* DetailedTweetComponent.mm in Sources */ = {isa = PBXBuildFile; fileRef = 59216D3A26B84032007AEB14 /* DetailedTweetComponent.mm */; };
		59216D3F26B84540007AEB14 /* TweetContext.m in Sources */ = {isa = PBXBuildFile; fileRef = 59216D3E26B84540007AEB14 /* TweetContext.m */; };
		59216D4326B85516007AEB14 /* TweetListViewController.mm in Sources */ = {isa = PBXBuildFile; fileRef = 59216D4226B85516007AEB14 /* TweetListViewController.mm */; };
		59216D4626B8580D007AEB14 /* Tweet.m in Sources */ = {isa = PBXBuildFile; fileRef = 59216D4526B8580D007AEB14 /* Tweet.m */; };
		59523FA126B7ECAF00678E5A /* AppDelegate.m in Sources */ = {isa = PBXBuildFile; fileRef = 59523FA026B7ECAF00678E5A /* AppDelegate.m */; };
		59523FA426B7ECAF00678E5A /* SceneDelegate.m in Sources */ = {isa = PBXBuildFile; fileRef = 59523FA326B7ECAF00678E5A /* SceneDelegate.m */; };
		59523FA726B7ECAF00678E5A /* ViewController.m in Sources */ = {isa = PBXBuildFile; fileRef = 59523FA626B7ECAF00678E5A /* ViewController.m */; };
		59523FAA26B7ECAF00678E5A /* Main.storyboard in Resources */ = {isa = PBXBuildFile; fileRef = 59523FA826B7ECAF00678E5A /* Main.storyboard */; };
		59523FAC26B7ECB000678E5A /* Assets.xcassets in Resources */ = {isa = PBXBuildFile; fileRef = 59523FAB26B7ECB000678E5A /* Assets.xcassets */; };
		59523FAF26B7ECB000678E5A /* LaunchScreen.storyboard in Resources */ = {isa = PBXBuildFile; fileRef = 59523FAD26B7ECB000678E5A /* LaunchScreen.storyboard */; };
		59523FB226B7ECB000678E5A /* main.m in Sources */ = {isa = PBXBuildFile; fileRef = 59523FB126B7ECB000678E5A /* main.m */; };
		59523FBC26B7ECB000678E5A /* TweetyAppTests.m in Sources */ = {isa = PBXBuildFile; fileRef = 59523FBB26B7ECB000678E5A /* TweetyAppTests.m */; };
		59523FC726B7ECB000678E5A /* TweetyAppUITests.m in Sources */ = {isa = PBXBuildFile; fileRef = 59523FC626B7ECB000678E5A /* TweetyAppUITests.m */; };
		59560F4626B7F0BF00E9B1D6 /* ComponentKit.framework in Frameworks */ = {isa = PBXBuildFile; fileRef = 598E52DF26B7EF5D00B7C1B3 /* ComponentKit.framework */; };
		59560F4726B7F0C600E9B1D6 /* ComponentTextKit.framework in Frameworks */ = {isa = PBXBuildFile; fileRef = 598E52FB26B7EF5D00B7C1B3 /* ComponentTextKit.framework */; };
		59560F4826B7F0D800E9B1D6 /* RenderCore.framework in Frameworks */ = {isa = PBXBuildFile; fileRef = 598E52F526B7EF5D00B7C1B3 /* RenderCore.framework */; };
/* End PBXBuildFile section */

/* Begin PBXContainerItemProxy section */
		59523FB826B7ECB000678E5A /* PBXContainerItemProxy */ = {
			isa = PBXContainerItemProxy;
			containerPortal = 59523F9426B7ECAF00678E5A /* Project object */;
			proxyType = 1;
			remoteGlobalIDString = 59523F9B26B7ECAF00678E5A;
			remoteInfo = TweetyApp;
		};
		59523FC326B7ECB000678E5A /* PBXContainerItemProxy */ = {
			isa = PBXContainerItemProxy;
			containerPortal = 59523F9426B7ECAF00678E5A /* Project object */;
			proxyType = 1;
			remoteGlobalIDString = 59523F9B26B7ECAF00678E5A;
			remoteInfo = TweetyApp;
		};
		598E52DE26B7EF5D00B7C1B3 /* PBXContainerItemProxy */ = {
			isa = PBXContainerItemProxy;
			containerPortal = 598E52C926B7EF5C00B7C1B3 /* ComponentKit.xcodeproj */;
			proxyType = 2;
			remoteGlobalIDString = D0B47AB51CBD924100BB33CE;
			remoteInfo = ComponentKit;
		};
		598E52E026B7EF5D00B7C1B3 /* PBXContainerItemProxy */ = {
			isa = PBXContainerItemProxy;
			containerPortal = 598E52C926B7EF5C00B7C1B3 /* ComponentKit.xcodeproj */;
			proxyType = 2;
			remoteGlobalIDString = A273801A1AFD144100E6F222;
			remoteInfo = ComponentKitTestHelpers;
		};
		598E52E226B7EF5D00B7C1B3 /* PBXContainerItemProxy */ = {
			isa = PBXContainerItemProxy;
			containerPortal = 598E52C926B7EF5C00B7C1B3 /* ComponentKit.xcodeproj */;
			proxyType = 2;
			remoteGlobalIDString = A1AB4FED23350E45001F41DB;
			remoteInfo = ComponentKitPerfTests;
		};
		598E52E426B7EF5D00B7C1B3 /* PBXContainerItemProxy */ = {
			isa = PBXContainerItemProxy;
			containerPortal = 598E52C926B7EF5C00B7C1B3 /* ComponentKit.xcodeproj */;
			proxyType = 2;
			remoteGlobalIDString = B342DC401AC23E8200ACAC53;
			remoteInfo = ComponentKitTests;
		};
		598E52E626B7EF5D00B7C1B3 /* PBXContainerItemProxy */ = {
			isa = PBXContainerItemProxy;
			containerPortal = 598E52C926B7EF5C00B7C1B3 /* ComponentKit.xcodeproj */;
			proxyType = 2;
			remoteGlobalIDString = B342DC8B1AC23EC300ACAC53;
			remoteInfo = ComponentKitApplicationTests;
		};
		598E52E826B7EF5D00B7C1B3 /* PBXContainerItemProxy */ = {
			isa = PBXContainerItemProxy;
			containerPortal = 598E52C926B7EF5C00B7C1B3 /* ComponentKit.xcodeproj */;
			proxyType = 2;
			remoteGlobalIDString = B342DCAA1AC23F2A00ACAC53;
			remoteInfo = ComponentTextKitApplicationTests;
		};
		598E52EA26B7EF5D00B7C1B3 /* PBXContainerItemProxy */ = {
			isa = PBXContainerItemProxy;
			containerPortal = 598E52C926B7EF5C00B7C1B3 /* ComponentKit.xcodeproj */;
			proxyType = 2;
			remoteGlobalIDString = B3EECEC21AC2366600BFC5DA;
			remoteInfo = ComponentKitApplicationsTestsHost;
		};
		598E52EC26B7EF5D00B7C1B3 /* PBXContainerItemProxy */ = {
			isa = PBXContainerItemProxy;
			containerPortal = 598E52C926B7EF5C00B7C1B3 /* ComponentKit.xcodeproj */;
			proxyType = 2;
			remoteGlobalIDString = 03B8B56A1D2A346F00EDFF59;
			remoteInfo = ComponentKitAppleTV;
		};
		598E52EE26B7EF5D00B7C1B3 /* PBXContainerItemProxy */ = {
			isa = PBXContainerItemProxy;
			containerPortal = 598E52C926B7EF5C00B7C1B3 /* ComponentKit.xcodeproj */;
			proxyType = 2;
			remoteGlobalIDString = 03A98A721D2B2BFD00C5BAC2;
			remoteInfo = ComponentKitTestHelpersAppleTV;
		};
		598E52F026B7EF5D00B7C1B3 /* PBXContainerItemProxy */ = {
			isa = PBXContainerItemProxy;
			containerPortal = 598E52C926B7EF5C00B7C1B3 /* ComponentKit.xcodeproj */;
			proxyType = 2;
			remoteGlobalIDString = 03F1AC061D2B2A9B00867584;
			remoteInfo = ComponentKitTestsAppleTV;
		};
		598E52F226B7EF5D00B7C1B3 /* PBXContainerItemProxy */ = {
			isa = PBXContainerItemProxy;
			containerPortal = 598E52C926B7EF5C00B7C1B3 /* ComponentKit.xcodeproj */;
			proxyType = 2;
			remoteGlobalIDString = D431880023E2056C0024AA12;
			remoteInfo = RenderCoreAppleTV;
		};
		598E52F426B7EF5D00B7C1B3 /* PBXContainerItemProxy */ = {
			isa = PBXContainerItemProxy;
			containerPortal = 598E52C926B7EF5C00B7C1B3 /* ComponentKit.xcodeproj */;
			proxyType = 2;
			remoteGlobalIDString = D431881723E2057E0024AA12;
			remoteInfo = RenderCore;
		};
		598E52F626B7EF5D00B7C1B3 /* PBXContainerItemProxy */ = {
			isa = PBXContainerItemProxy;
			containerPortal = 598E52C926B7EF5C00B7C1B3 /* ComponentKit.xcodeproj */;
			proxyType = 2;
			remoteGlobalIDString = D4BC578023E37A1B0075D688;
			remoteInfo = CKSwift;
		};
		598E52F826B7EF5D00B7C1B3 /* PBXContainerItemProxy */ = {
			isa = PBXContainerItemProxy;
			containerPortal = 598E52C926B7EF5C00B7C1B3 /* ComponentKit.xcodeproj */;
			proxyType = 2;
			remoteGlobalIDString = D4BC578823E37A1B0075D688;
			remoteInfo = CKSwiftTests;
		};
		598E52FA26B7EF5D00B7C1B3 /* PBXContainerItemProxy */ = {
			isa = PBXContainerItemProxy;
			containerPortal = 598E52C926B7EF5C00B7C1B3 /* ComponentKit.xcodeproj */;
			proxyType = 2;
			remoteGlobalIDString = D42B787A2517675100DAC4D5;
			remoteInfo = ComponentTextKit;
		};
		598E52FC26B7EF5D00B7C1B3 /* PBXContainerItemProxy */ = {
			isa = PBXContainerItemProxy;
			containerPortal = 598E52C926B7EF5C00B7C1B3 /* ComponentKit.xcodeproj */;
			proxyType = 2;
			remoteGlobalIDString = D42B78CF25176C4000DAC4D5;
			remoteInfo = CKTextSwift;
		};
/* End PBXContainerItemProxy section */

/* Begin PBXFileReference section */
		59216D3926B84032007AEB14 /* DetailedTweetComponent.h */ = {isa = PBXFileReference; lastKnownFileType = sourcecode.c.h; path = DetailedTweetComponent.h; sourceTree = "<group>"; };
		59216D3A26B84032007AEB14 /* DetailedTweetComponent.mm */ = {isa = PBXFileReference; lastKnownFileType = sourcecode.cpp.objcpp; path = DetailedTweetComponent.mm; sourceTree = "<group>"; };
		59216D3D26B84540007AEB14 /* TweetContext.h */ = {isa = PBXFileReference; lastKnownFileType = sourcecode.c.h; path = TweetContext.h; sourceTree = "<group>"; };
		59216D3E26B84540007AEB14 /* TweetContext.m */ = {isa = PBXFileReference; lastKnownFileType = sourcecode.c.objc; path = TweetContext.m; sourceTree = "<group>"; };
		59216D4126B85516007AEB14 /* TweetListViewController.h */ = {isa = PBXFileReference; lastKnownFileType = sourcecode.c.h; path = TweetListViewController.h; sourceTree = "<group>"; };
		59216D4226B85516007AEB14 /* TweetListViewController.mm */ = {isa = PBXFileReference; lastKnownFileType = sourcecode.cpp.objcpp; path = TweetListViewController.mm; sourceTree = "<group>"; };
		59216D4426B8580D007AEB14 /* Tweet.h */ = {isa = PBXFileReference; lastKnownFileType = sourcecode.c.h; path = Tweet.h; sourceTree = "<group>"; };
		59216D4526B8580D007AEB14 /* Tweet.m */ = {isa = PBXFileReference; lastKnownFileType = sourcecode.c.objc; path = Tweet.m; sourceTree = "<group>"; };
		59523F9C26B7ECAF00678E5A /* TweetyApp.app */ = {isa = PBXFileReference; explicitFileType = wrapper.application; includeInIndex = 0; path = TweetyApp.app; sourceTree = BUILT_PRODUCTS_DIR; };
		59523F9F26B7ECAF00678E5A /* AppDelegate.h */ = {isa = PBXFileReference; lastKnownFileType = sourcecode.c.h; path = AppDelegate.h; sourceTree = "<group>"; };
		59523FA026B7ECAF00678E5A /* AppDelegate.m */ = {isa = PBXFileReference; lastKnownFileType = sourcecode.c.objc; path = AppDelegate.m; sourceTree = "<group>"; };
		59523FA226B7ECAF00678E5A /* SceneDelegate.h */ = {isa = PBXFileReference; lastKnownFileType = sourcecode.c.h; path = SceneDelegate.h; sourceTree = "<group>"; };
		59523FA326B7ECAF00678E5A /* SceneDelegate.m */ = {isa = PBXFileReference; lastKnownFileType = sourcecode.c.objc; path = SceneDelegate.m; sourceTree = "<group>"; };
		59523FA526B7ECAF00678E5A /* ViewController.h */ = {isa = PBXFileReference; lastKnownFileType = sourcecode.c.h; path = ViewController.h; sourceTree = "<group>"; };
		59523FA626B7ECAF00678E5A /* ViewController.m */ = {isa = PBXFileReference; lastKnownFileType = sourcecode.c.objc; path = ViewController.m; sourceTree = "<group>"; };
		59523FA926B7ECAF00678E5A /* Base */ = {isa = PBXFileReference; lastKnownFileType = file.storyboard; name = Base; path = Base.lproj/Main.storyboard; sourceTree = "<group>"; };
		59523FAB26B7ECB000678E5A /* Assets.xcassets */ = {isa = PBXFileReference; lastKnownFileType = folder.assetcatalog; path = Assets.xcassets; sourceTree = "<group>"; };
		59523FAE26B7ECB000678E5A /* Base */ = {isa = PBXFileReference; lastKnownFileType = file.storyboard; name = Base; path = Base.lproj/LaunchScreen.storyboard; sourceTree = "<group>"; };
		59523FB026B7ECB000678E5A /* Info.plist */ = {isa = PBXFileReference; lastKnownFileType = text.plist.xml; path = Info.plist; sourceTree = "<group>"; };
		59523FB126B7ECB000678E5A /* main.m */ = {isa = PBXFileReference; lastKnownFileType = sourcecode.c.objc; path = main.m; sourceTree = "<group>"; };
		59523FB726B7ECB000678E5A /* TweetyAppTests.xctest */ = {isa = PBXFileReference; explicitFileType = wrapper.cfbundle; includeInIndex = 0; path = TweetyAppTests.xctest; sourceTree = BUILT_PRODUCTS_DIR; };
		59523FBB26B7ECB000678E5A /* TweetyAppTests.m */ = {isa = PBXFileReference; lastKnownFileType = sourcecode.c.objc; path = TweetyAppTests.m; sourceTree = "<group>"; };
		59523FBD26B7ECB000678E5A /* Info.plist */ = {isa = PBXFileReference; lastKnownFileType = text.plist.xml; path = Info.plist; sourceTree = "<group>"; };
		59523FC226B7ECB000678E5A /* TweetyAppUITests.xctest */ = {isa = PBXFileReference; explicitFileType = wrapper.cfbundle; includeInIndex = 0; path = TweetyAppUITests.xctest; sourceTree = BUILT_PRODUCTS_DIR; };
		59523FC626B7ECB000678E5A /* TweetyAppUITests.m */ = {isa = PBXFileReference; lastKnownFileType = sourcecode.c.objc; path = TweetyAppUITests.m; sourceTree = "<group>"; };
		59523FC826B7ECB000678E5A /* Info.plist */ = {isa = PBXFileReference; lastKnownFileType = text.plist.xml; path = Info.plist; sourceTree = "<group>"; };
		598E52C926B7EF5C00B7C1B3 /* ComponentKit.xcodeproj */ = {isa = PBXFileReference; lastKnownFileType = "wrapper.pb-project"; name = ComponentKit.xcodeproj; path = ../../../ComponentKit.xcodeproj; sourceTree = "<group>"; };
/* End PBXFileReference section */

/* Begin PBXFrameworksBuildPhase section */
		59523F9926B7ECAF00678E5A /* Frameworks */ = {
			isa = PBXFrameworksBuildPhase;
			buildActionMask = 2147483647;
			files = (
				59560F4826B7F0D800E9B1D6 /* RenderCore.framework in Frameworks */,
				59560F4726B7F0C600E9B1D6 /* ComponentTextKit.framework in Frameworks */,
				59560F4626B7F0BF00E9B1D6 /* ComponentKit.framework in Frameworks */,
			);
			runOnlyForDeploymentPostprocessing = 0;
		};
		59523FB426B7ECB000678E5A /* Frameworks */ = {
			isa = PBXFrameworksBuildPhase;
			buildActionMask = 2147483647;
			files = (
			);
			runOnlyForDeploymentPostprocessing = 0;
		};
		59523FBF26B7ECB000678E5A /* Frameworks */ = {
			isa = PBXFrameworksBuildPhase;
			buildActionMask = 2147483647;
			files = (
			);
			runOnlyForDeploymentPostprocessing = 0;
		};
/* End PBXFrameworksBuildPhase section */

/* Begin PBXGroup section */
		59216D2826B84004007AEB14 /* Components */ = {
			isa = PBXGroup;
			children = (
				59216D3926B84032007AEB14 /* DetailedTweetComponent.h */,
				59216D3A26B84032007AEB14 /* DetailedTweetComponent.mm */,
			);
			path = Components;
			sourceTree = "<group>";
		};
		59216D3C26B8451F007AEB14 /* Models */ = {
			isa = PBXGroup;
			children = (
				59216D3D26B84540007AEB14 /* TweetContext.h */,
				59216D3E26B84540007AEB14 /* TweetContext.m */,
				59216D4426B8580D007AEB14 /* Tweet.h */,
				59216D4526B8580D007AEB14 /* Tweet.m */,
			);
			path = Models;
			sourceTree = "<group>";
		};
		59216D4026B854F9007AEB14 /* Controllers */ = {
			isa = PBXGroup;
			children = (
				59216D4126B85516007AEB14 /* TweetListViewController.h */,
				59216D4226B85516007AEB14 /* TweetListViewController.mm */,
			);
			path = Controllers;
			sourceTree = "<group>";
		};
		59523F9326B7ECAF00678E5A = {
			isa = PBXGroup;
			children = (
				59523F9E26B7ECAF00678E5A /* TweetyApp */,
				59523FBA26B7ECB000678E5A /* TweetyAppTests */,
				59523FC526B7ECB000678E5A /* TweetyAppUITests */,
				598E52C826B7EF4500B7C1B3 /* Frameworks */,
				59523F9D26B7ECAF00678E5A /* Products */,
			);
			sourceTree = "<group>";
		};
		59523F9D26B7ECAF00678E5A /* Products */ = {
			isa = PBXGroup;
			children = (
				59523F9C26B7ECAF00678E5A /* TweetyApp.app */,
				59523FB726B7ECB000678E5A /* TweetyAppTests.xctest */,
				59523FC226B7ECB000678E5A /* TweetyAppUITests.xctest */,
			);
			name = Products;
			sourceTree = "<group>";
		};
		59523F9E26B7ECAF00678E5A /* TweetyApp */ = {
			isa = PBXGroup;
			children = (
				59216D4026B854F9007AEB14 /* Controllers */,
				59216D3C26B8451F007AEB14 /* Models */,
				59216D2826B84004007AEB14 /* Components */,
				59523F9F26B7ECAF00678E5A /* AppDelegate.h */,
				59523FA026B7ECAF00678E5A /* AppDelegate.m */,
				59523FA226B7ECAF00678E5A /* SceneDelegate.h */,
				59523FA326B7ECAF00678E5A /* SceneDelegate.m */,
				59523FA526B7ECAF00678E5A /* ViewController.h */,
				59523FA626B7ECAF00678E5A /* ViewController.m */,
				59523FA826B7ECAF00678E5A /* Main.storyboard */,
				59523FAB26B7ECB000678E5A /* Assets.xcassets */,
				59523FAD26B7ECB000678E5A /* LaunchScreen.storyboard */,
				59523FB026B7ECB000678E5A /* Info.plist */,
				59523FB126B7ECB000678E5A /* main.m */,
			);
			path = TweetyApp;
			sourceTree = "<group>";
		};
		59523FBA26B7ECB000678E5A /* TweetyAppTests */ = {
			isa = PBXGroup;
			children = (
				59523FBB26B7ECB000678E5A /* TweetyAppTests.m */,
				59523FBD26B7ECB000678E5A /* Info.plist */,
			);
			path = TweetyAppTests;
			sourceTree = "<group>";
		};
		59523FC526B7ECB000678E5A /* TweetyAppUITests */ = {
			isa = PBXGroup;
			children = (
				59523FC626B7ECB000678E5A /* TweetyAppUITests.m */,
				59523FC826B7ECB000678E5A /* Info.plist */,
			);
			path = TweetyAppUITests;
			sourceTree = "<group>";
		};
		598E52C826B7EF4500B7C1B3 /* Frameworks */ = {
			isa = PBXGroup;
			children = (
				598E52C926B7EF5C00B7C1B3 /* ComponentKit.xcodeproj */,
			);
			path = Frameworks;
			sourceTree = "<group>";
		};
		598E52CA26B7EF5C00B7C1B3 /* Products */ = {
			isa = PBXGroup;
			children = (
				598E52DF26B7EF5D00B7C1B3 /* ComponentKit.framework */,
				598E52E126B7EF5D00B7C1B3 /* libComponentKitTestHelpers.a */,
				598E52E326B7EF5D00B7C1B3 /* ComponentKitPerfTests.xctest */,
				598E52E526B7EF5D00B7C1B3 /* ComponentKitTests.xctest */,
				598E52E726B7EF5D00B7C1B3 /* ComponentKitApplicationTests.xctest */,
				598E52E926B7EF5D00B7C1B3 /* ComponentTextKitApplicationTests.xctest */,
				598E52EB26B7EF5D00B7C1B3 /* ComponentKitApplicationsTestsHost.app */,
				598E52ED26B7EF5D00B7C1B3 /* ComponentKit.framework */,
				598E52EF26B7EF5D00B7C1B3 /* libComponentKitTestHelpers.a */,
				598E52F126B7EF5D00B7C1B3 /* ComponentKitTestsAppleTV.xctest */,
				598E52F326B7EF5D00B7C1B3 /* RenderCore.framework */,
				598E52F526B7EF5D00B7C1B3 /* RenderCore.framework */,
				598E52F726B7EF5D00B7C1B3 /* CKSwift.framework */,
				598E52F926B7EF5D00B7C1B3 /* CKSwiftTests.xctest */,
				598E52FB26B7EF5D00B7C1B3 /* ComponentTextKit.framework */,
				598E52FD26B7EF5D00B7C1B3 /* CKTextSwift.framework */,
			);
			name = Products;
			sourceTree = "<group>";
		};
/* End PBXGroup section */

/* Begin PBXNativeTarget section */
		59523F9B26B7ECAF00678E5A /* TweetyApp */ = {
			isa = PBXNativeTarget;
			buildConfigurationList = 59523FCB26B7ECB000678E5A /* Build configuration list for PBXNativeTarget "TweetyApp" */;
			buildPhases = (
				59523F9826B7ECAF00678E5A /* Sources */,
				59523F9926B7ECAF00678E5A /* Frameworks */,
				59523F9A26B7ECAF00678E5A /* Resources */,
			);
			buildRules = (
			);
			dependencies = (
			);
			name = TweetyApp;
			productName = TweetyApp;
			productReference = 59523F9C26B7ECAF00678E5A /* TweetyApp.app */;
			productType = "com.apple.product-type.application";
		};
		59523FB626B7ECB000678E5A /* TweetyAppTests */ = {
			isa = PBXNativeTarget;
			buildConfigurationList = 59523FCE26B7ECB000678E5A /* Build configuration list for PBXNativeTarget "TweetyAppTests" */;
			buildPhases = (
				59523FB326B7ECB000678E5A /* Sources */,
				59523FB426B7ECB000678E5A /* Frameworks */,
				59523FB526B7ECB000678E5A /* Resources */,
			);
			buildRules = (
			);
			dependencies = (
				59523FB926B7ECB000678E5A /* PBXTargetDependency */,
			);
			name = TweetyAppTests;
			productName = TweetyAppTests;
			productReference = 59523FB726B7ECB000678E5A /* TweetyAppTests.xctest */;
			productType = "com.apple.product-type.bundle.unit-test";
		};
		59523FC126B7ECB000678E5A /* TweetyAppUITests */ = {
			isa = PBXNativeTarget;
			buildConfigurationList = 59523FD126B7ECB000678E5A /* Build configuration list for PBXNativeTarget "TweetyAppUITests" */;
			buildPhases = (
				59523FBE26B7ECB000678E5A /* Sources */,
				59523FBF26B7ECB000678E5A /* Frameworks */,
				59523FC026B7ECB000678E5A /* Resources */,
			);
			buildRules = (
			);
			dependencies = (
				59523FC426B7ECB000678E5A /* PBXTargetDependency */,
			);
			name = TweetyAppUITests;
			productName = TweetyAppUITests;
			productReference = 59523FC226B7ECB000678E5A /* TweetyAppUITests.xctest */;
			productType = "com.apple.product-type.bundle.ui-testing";
		};
/* End PBXNativeTarget section */

/* Begin PBXProject section */
		59523F9426B7ECAF00678E5A /* Project object */ = {
			isa = PBXProject;
			attributes = {
				LastUpgradeCheck = 1250;
				TargetAttributes = {
					59523F9B26B7ECAF00678E5A = {
						CreatedOnToolsVersion = 12.5.1;
					};
					59523FB626B7ECB000678E5A = {
						CreatedOnToolsVersion = 12.5.1;
						TestTargetID = 59523F9B26B7ECAF00678E5A;
					};
					59523FC126B7ECB000678E5A = {
						CreatedOnToolsVersion = 12.5.1;
						TestTargetID = 59523F9B26B7ECAF00678E5A;
					};
				};
			};
			buildConfigurationList = 59523F9726B7ECAF00678E5A /* Build configuration list for PBXProject "TweetyApp" */;
			compatibilityVersion = "Xcode 9.3";
			developmentRegion = en;
			hasScannedForEncodings = 0;
			knownRegions = (
				en,
				Base,
			);
			mainGroup = 59523F9326B7ECAF00678E5A;
			productRefGroup = 59523F9D26B7ECAF00678E5A /* Products */;
			projectDirPath = "";
			projectReferences = (
				{
					ProductGroup = 598E52CA26B7EF5C00B7C1B3 /* Products */;
					ProjectRef = 598E52C926B7EF5C00B7C1B3 /* ComponentKit.xcodeproj */;
				},
			);
			projectRoot = "";
			targets = (
				59523F9B26B7ECAF00678E5A /* TweetyApp */,
				59523FB626B7ECB000678E5A /* TweetyAppTests */,
				59523FC126B7ECB000678E5A /* TweetyAppUITests */,
			);
		};
/* End PBXProject section */

/* Begin PBXReferenceProxy section */
		598E52DF26B7EF5D00B7C1B3 /* ComponentKit.framework */ = {
			isa = PBXReferenceProxy;
			fileType = wrapper.framework;
			path = ComponentKit.framework;
			remoteRef = 598E52DE26B7EF5D00B7C1B3 /* PBXContainerItemProxy */;
			sourceTree = BUILT_PRODUCTS_DIR;
		};
		598E52E126B7EF5D00B7C1B3 /* libComponentKitTestHelpers.a */ = {
			isa = PBXReferenceProxy;
			fileType = archive.ar;
			path = libComponentKitTestHelpers.a;
			remoteRef = 598E52E026B7EF5D00B7C1B3 /* PBXContainerItemProxy */;
			sourceTree = BUILT_PRODUCTS_DIR;
		};
		598E52E326B7EF5D00B7C1B3 /* ComponentKitPerfTests.xctest */ = {
			isa = PBXReferenceProxy;
			fileType = wrapper.cfbundle;
			path = ComponentKitPerfTests.xctest;
			remoteRef = 598E52E226B7EF5D00B7C1B3 /* PBXContainerItemProxy */;
			sourceTree = BUILT_PRODUCTS_DIR;
		};
		598E52E526B7EF5D00B7C1B3 /* ComponentKitTests.xctest */ = {
			isa = PBXReferenceProxy;
			fileType = wrapper.cfbundle;
			path = ComponentKitTests.xctest;
			remoteRef = 598E52E426B7EF5D00B7C1B3 /* PBXContainerItemProxy */;
			sourceTree = BUILT_PRODUCTS_DIR;
		};
		598E52E726B7EF5D00B7C1B3 /* ComponentKitApplicationTests.xctest */ = {
			isa = PBXReferenceProxy;
			fileType = wrapper.cfbundle;
			path = ComponentKitApplicationTests.xctest;
			remoteRef = 598E52E626B7EF5D00B7C1B3 /* PBXContainerItemProxy */;
			sourceTree = BUILT_PRODUCTS_DIR;
		};
		598E52E926B7EF5D00B7C1B3 /* ComponentTextKitApplicationTests.xctest */ = {
			isa = PBXReferenceProxy;
			fileType = wrapper.cfbundle;
			path = ComponentTextKitApplicationTests.xctest;
			remoteRef = 598E52E826B7EF5D00B7C1B3 /* PBXContainerItemProxy */;
			sourceTree = BUILT_PRODUCTS_DIR;
		};
		598E52EB26B7EF5D00B7C1B3 /* ComponentKitApplicationsTestsHost.app */ = {
			isa = PBXReferenceProxy;
			fileType = wrapper.application;
			path = ComponentKitApplicationsTestsHost.app;
			remoteRef = 598E52EA26B7EF5D00B7C1B3 /* PBXContainerItemProxy */;
			sourceTree = BUILT_PRODUCTS_DIR;
		};
		598E52ED26B7EF5D00B7C1B3 /* ComponentKit.framework */ = {
			isa = PBXReferenceProxy;
			fileType = wrapper.framework;
			path = ComponentKit.framework;
			remoteRef = 598E52EC26B7EF5D00B7C1B3 /* PBXContainerItemProxy */;
			sourceTree = BUILT_PRODUCTS_DIR;
		};
		598E52EF26B7EF5D00B7C1B3 /* libComponentKitTestHelpers.a */ = {
			isa = PBXReferenceProxy;
			fileType = archive.ar;
			path = libComponentKitTestHelpers.a;
			remoteRef = 598E52EE26B7EF5D00B7C1B3 /* PBXContainerItemProxy */;
			sourceTree = BUILT_PRODUCTS_DIR;
		};
		598E52F126B7EF5D00B7C1B3 /* ComponentKitTestsAppleTV.xctest */ = {
			isa = PBXReferenceProxy;
			fileType = wrapper.cfbundle;
			path = ComponentKitTestsAppleTV.xctest;
			remoteRef = 598E52F026B7EF5D00B7C1B3 /* PBXContainerItemProxy */;
			sourceTree = BUILT_PRODUCTS_DIR;
		};
		598E52F326B7EF5D00B7C1B3 /* RenderCore.framework */ = {
			isa = PBXReferenceProxy;
			fileType = wrapper.framework;
			path = RenderCore.framework;
			remoteRef = 598E52F226B7EF5D00B7C1B3 /* PBXContainerItemProxy */;
			sourceTree = BUILT_PRODUCTS_DIR;
		};
		598E52F526B7EF5D00B7C1B3 /* RenderCore.framework */ = {
			isa = PBXReferenceProxy;
			fileType = wrapper.framework;
			path = RenderCore.framework;
			remoteRef = 598E52F426B7EF5D00B7C1B3 /* PBXContainerItemProxy */;
			sourceTree = BUILT_PRODUCTS_DIR;
		};
		598E52F726B7EF5D00B7C1B3 /* CKSwift.framework */ = {
			isa = PBXReferenceProxy;
			fileType = wrapper.framework;
			path = CKSwift.framework;
			remoteRef = 598E52F626B7EF5D00B7C1B3 /* PBXContainerItemProxy */;
			sourceTree = BUILT_PRODUCTS_DIR;
		};
		598E52F926B7EF5D00B7C1B3 /* CKSwiftTests.xctest */ = {
			isa = PBXReferenceProxy;
			fileType = wrapper.cfbundle;
			path = CKSwiftTests.xctest;
			remoteRef = 598E52F826B7EF5D00B7C1B3 /* PBXContainerItemProxy */;
			sourceTree = BUILT_PRODUCTS_DIR;
		};
		598E52FB26B7EF5D00B7C1B3 /* ComponentTextKit.framework */ = {
			isa = PBXReferenceProxy;
			fileType = wrapper.framework;
			path = ComponentTextKit.framework;
			remoteRef = 598E52FA26B7EF5D00B7C1B3 /* PBXContainerItemProxy */;
			sourceTree = BUILT_PRODUCTS_DIR;
		};
		598E52FD26B7EF5D00B7C1B3 /* CKTextSwift.framework */ = {
			isa = PBXReferenceProxy;
			fileType = wrapper.framework;
			path = CKTextSwift.framework;
			remoteRef = 598E52FC26B7EF5D00B7C1B3 /* PBXContainerItemProxy */;
			sourceTree = BUILT_PRODUCTS_DIR;
		};
/* End PBXReferenceProxy section */

/* Begin PBXResourcesBuildPhase section */
		59523F9A26B7ECAF00678E5A /* Resources */ = {
			isa = PBXResourcesBuildPhase;
			buildActionMask = 2147483647;
			files = (
				59523FAF26B7ECB000678E5A /* LaunchScreen.storyboard in Resources */,
				59523FAC26B7ECB000678E5A /* Assets.xcassets in Resources */,
				59523FAA26B7ECAF00678E5A /* Main.storyboard in Resources */,
			);
			runOnlyForDeploymentPostprocessing = 0;
		};
		59523FB526B7ECB000678E5A /* Resources */ = {
			isa = PBXResourcesBuildPhase;
			buildActionMask = 2147483647;
			files = (
			);
			runOnlyForDeploymentPostprocessing = 0;
		};
		59523FC026B7ECB000678E5A /* Resources */ = {
			isa = PBXResourcesBuildPhase;
			buildActionMask = 2147483647;
			files = (
			);
			runOnlyForDeploymentPostprocessing = 0;
		};
/* End PBXResourcesBuildPhase section */

/* Begin PBXSourcesBuildPhase section */
		59523F9826B7ECAF00678E5A /* Sources */ = {
			isa = PBXSourcesBuildPhase;
			buildActionMask = 2147483647;
			files = (
				59523FA726B7ECAF00678E5A /* ViewController.m in Sources */,
				59523FA126B7ECAF00678E5A /* AppDelegate.m in Sources */,
				59523FB226B7ECB000678E5A /* main.m in Sources */,
				59216D4626B8580D007AEB14 /* Tweet.m in Sources */,
				59523FA426B7ECAF00678E5A /* SceneDelegate.m in Sources */,
				59216D4326B85516007AEB14 /* TweetListViewController.mm in Sources */,
				59216D3B26B84032007AEB14 /* DetailedTweetComponent.mm in Sources */,
				59216D3F26B84540007AEB14 /* TweetContext.m in Sources */,
			);
			runOnlyForDeploymentPostprocessing = 0;
		};
		59523FB326B7ECB000678E5A /* Sources */ = {
			isa = PBXSourcesBuildPhase;
			buildActionMask = 2147483647;
			files = (
				59523FBC26B7ECB000678E5A /* TweetyAppTests.m in Sources */,
			);
			runOnlyForDeploymentPostprocessing = 0;
		};
		59523FBE26B7ECB000678E5A /* Sources */ = {
			isa = PBXSourcesBuildPhase;
			buildActionMask = 2147483647;
			files = (
				59523FC726B7ECB000678E5A /* TweetyAppUITests.m in Sources */,
			);
			runOnlyForDeploymentPostprocessing = 0;
		};
/* End PBXSourcesBuildPhase section */

/* Begin PBXTargetDependency section */
		59523FB926B7ECB000678E5A /* PBXTargetDependency */ = {
			isa = PBXTargetDependency;
			target = 59523F9B26B7ECAF00678E5A /* TweetyApp */;
			targetProxy = 59523FB826B7ECB000678E5A /* PBXContainerItemProxy */;
		};
		59523FC426B7ECB000678E5A /* PBXTargetDependency */ = {
			isa = PBXTargetDependency;
			target = 59523F9B26B7ECAF00678E5A /* TweetyApp */;
			targetProxy = 59523FC326B7ECB000678E5A /* PBXContainerItemProxy */;
		};
/* End PBXTargetDependency section */

/* Begin PBXVariantGroup section */
		59523FA826B7ECAF00678E5A /* Main.storyboard */ = {
			isa = PBXVariantGroup;
			children = (
				59523FA926B7ECAF00678E5A /* Base */,
			);
			name = Main.storyboard;
			sourceTree = "<group>";
		};
		59523FAD26B7ECB000678E5A /* LaunchScreen.storyboard */ = {
			isa = PBXVariantGroup;
			children = (
				59523FAE26B7ECB000678E5A /* Base */,
			);
			name = LaunchScreen.storyboard;
			sourceTree = "<group>";
		};
/* End PBXVariantGroup section */

/* Begin XCBuildConfiguration section */
		59523FC926B7ECB000678E5A /* Debug */ = {
			isa = XCBuildConfiguration;
			buildSettings = {
				ALWAYS_SEARCH_USER_PATHS = NO;
				CLANG_ANALYZER_NONNULL = YES;
				CLANG_ANALYZER_NUMBER_OBJECT_CONVERSION = YES_AGGRESSIVE;
				CLANG_CXX_LANGUAGE_STANDARD = "gnu++14";
				CLANG_CXX_LIBRARY = "libc++";
				CLANG_ENABLE_MODULES = YES;
				CLANG_ENABLE_OBJC_ARC = YES;
				CLANG_ENABLE_OBJC_WEAK = YES;
				CLANG_WARN_BLOCK_CAPTURE_AUTORELEASING = YES;
				CLANG_WARN_BOOL_CONVERSION = YES;
				CLANG_WARN_COMMA = YES;
				CLANG_WARN_CONSTANT_CONVERSION = YES;
				CLANG_WARN_DEPRECATED_OBJC_IMPLEMENTATIONS = YES;
				CLANG_WARN_DIRECT_OBJC_ISA_USAGE = YES_ERROR;
				CLANG_WARN_DOCUMENTATION_COMMENTS = YES;
				CLANG_WARN_EMPTY_BODY = YES;
				CLANG_WARN_ENUM_CONVERSION = YES;
				CLANG_WARN_INFINITE_RECURSION = YES;
				CLANG_WARN_INT_CONVERSION = YES;
				CLANG_WARN_NON_LITERAL_NULL_CONVERSION = YES;
				CLANG_WARN_OBJC_IMPLICIT_RETAIN_SELF = YES;
				CLANG_WARN_OBJC_LITERAL_CONVERSION = YES;
				CLANG_WARN_OBJC_ROOT_CLASS = YES_ERROR;
				CLANG_WARN_QUOTED_INCLUDE_IN_FRAMEWORK_HEADER = YES;
				CLANG_WARN_RANGE_LOOP_ANALYSIS = YES;
				CLANG_WARN_STRICT_PROTOTYPES = YES;
				CLANG_WARN_SUSPICIOUS_MOVE = YES;
				CLANG_WARN_UNGUARDED_AVAILABILITY = YES_AGGRESSIVE;
				CLANG_WARN_UNREACHABLE_CODE = YES;
				CLANG_WARN__DUPLICATE_METHOD_MATCH = YES;
				COPY_PHASE_STRIP = NO;
				DEBUG_INFORMATION_FORMAT = dwarf;
				ENABLE_STRICT_OBJC_MSGSEND = YES;
				ENABLE_TESTABILITY = YES;
				GCC_C_LANGUAGE_STANDARD = gnu11;
				GCC_DYNAMIC_NO_PIC = NO;
				GCC_NO_COMMON_BLOCKS = YES;
				GCC_OPTIMIZATION_LEVEL = 0;
				GCC_PREPROCESSOR_DEFINITIONS = (
					"DEBUG=1",
					"$(inherited)",
				);
				GCC_WARN_64_TO_32_BIT_CONVERSION = YES;
				GCC_WARN_ABOUT_RETURN_TYPE = YES_ERROR;
				GCC_WARN_UNDECLARED_SELECTOR = YES;
				GCC_WARN_UNINITIALIZED_AUTOS = YES_AGGRESSIVE;
				GCC_WARN_UNUSED_FUNCTION = YES;
				GCC_WARN_UNUSED_VARIABLE = YES;
				IPHONEOS_DEPLOYMENT_TARGET = 14.5;
				MTL_ENABLE_DEBUG_INFO = INCLUDE_SOURCE;
				MTL_FAST_MATH = YES;
				ONLY_ACTIVE_ARCH = YES;
				SDKROOT = iphoneos;
			};
			name = Debug;
		};
		59523FCA26B7ECB000678E5A /* Release */ = {
			isa = XCBuildConfiguration;
			buildSettings = {
				ALWAYS_SEARCH_USER_PATHS = NO;
				CLANG_ANALYZER_NONNULL = YES;
				CLANG_ANALYZER_NUMBER_OBJECT_CONVERSION = YES_AGGRESSIVE;
				CLANG_CXX_LANGUAGE_STANDARD = "gnu++14";
				CLANG_CXX_LIBRARY = "libc++";
				CLANG_ENABLE_MODULES = YES;
				CLANG_ENABLE_OBJC_ARC = YES;
				CLANG_ENABLE_OBJC_WEAK = YES;
				CLANG_WARN_BLOCK_CAPTURE_AUTORELEASING = YES;
				CLANG_WARN_BOOL_CONVERSION = YES;
				CLANG_WARN_COMMA = YES;
				CLANG_WARN_CONSTANT_CONVERSION = YES;
				CLANG_WARN_DEPRECATED_OBJC_IMPLEMENTATIONS = YES;
				CLANG_WARN_DIRECT_OBJC_ISA_USAGE = YES_ERROR;
				CLANG_WARN_DOCUMENTATION_COMMENTS = YES;
				CLANG_WARN_EMPTY_BODY = YES;
				CLANG_WARN_ENUM_CONVERSION = YES;
				CLANG_WARN_INFINITE_RECURSION = YES;
				CLANG_WARN_INT_CONVERSION = YES;
				CLANG_WARN_NON_LITERAL_NULL_CONVERSION = YES;
				CLANG_WARN_OBJC_IMPLICIT_RETAIN_SELF = YES;
				CLANG_WARN_OBJC_LITERAL_CONVERSION = YES;
				CLANG_WARN_OBJC_ROOT_CLASS = YES_ERROR;
				CLANG_WARN_QUOTED_INCLUDE_IN_FRAMEWORK_HEADER = YES;
				CLANG_WARN_RANGE_LOOP_ANALYSIS = YES;
				CLANG_WARN_STRICT_PROTOTYPES = YES;
				CLANG_WARN_SUSPICIOUS_MOVE = YES;
				CLANG_WARN_UNGUARDED_AVAILABILITY = YES_AGGRESSIVE;
				CLANG_WARN_UNREACHABLE_CODE = YES;
				CLANG_WARN__DUPLICATE_METHOD_MATCH = YES;
				COPY_PHASE_STRIP = NO;
				DEBUG_INFORMATION_FORMAT = "dwarf-with-dsym";
				ENABLE_NS_ASSERTIONS = NO;
				ENABLE_STRICT_OBJC_MSGSEND = YES;
				GCC_C_LANGUAGE_STANDARD = gnu11;
				GCC_NO_COMMON_BLOCKS = YES;
				GCC_WARN_64_TO_32_BIT_CONVERSION = YES;
				GCC_WARN_ABOUT_RETURN_TYPE = YES_ERROR;
				GCC_WARN_UNDECLARED_SELECTOR = YES;
				GCC_WARN_UNINITIALIZED_AUTOS = YES_AGGRESSIVE;
				GCC_WARN_UNUSED_FUNCTION = YES;
				GCC_WARN_UNUSED_VARIABLE = YES;
				IPHONEOS_DEPLOYMENT_TARGET = 14.5;
				MTL_ENABLE_DEBUG_INFO = NO;
				MTL_FAST_MATH = YES;
				SDKROOT = iphoneos;
				VALIDATE_PRODUCT = YES;
			};
			name = Release;
		};
		59523FCC26B7ECB000678E5A /* Debug */ = {
			isa = XCBuildConfiguration;
			buildSettings = {
				ASSETCATALOG_COMPILER_APPICON_NAME = AppIcon;
				ASSETCATALOG_COMPILER_GLOBAL_ACCENT_COLOR_NAME = AccentColor;
				CODE_SIGN_STYLE = Automatic;
				INFOPLIST_FILE = TweetyApp/Info.plist;
				LD_RUNPATH_SEARCH_PATHS = (
					"$(inherited)",
					"@executable_path/Frameworks",
				);
				PRODUCT_BUNDLE_IDENTIFIER = com.complexityclass.TweetyApp;
				PRODUCT_NAME = "$(TARGET_NAME)";
				TARGETED_DEVICE_FAMILY = "1,2";
			};
			name = Debug;
		};
		59523FCD26B7ECB000678E5A /* Release */ = {
			isa = XCBuildConfiguration;
			buildSettings = {
				ASSETCATALOG_COMPILER_APPICON_NAME = AppIcon;
				ASSETCATALOG_COMPILER_GLOBAL_ACCENT_COLOR_NAME = AccentColor;
				CODE_SIGN_STYLE = Automatic;
				INFOPLIST_FILE = TweetyApp/Info.plist;
				LD_RUNPATH_SEARCH_PATHS = (
					"$(inherited)",
					"@executable_path/Frameworks",
				);
				PRODUCT_BUNDLE_IDENTIFIER = com.complexityclass.TweetyApp;
				PRODUCT_NAME = "$(TARGET_NAME)";
				TARGETED_DEVICE_FAMILY = "1,2";
			};
			name = Release;
		};
		59523FCF26B7ECB000678E5A /* Debug */ = {
			isa = XCBuildConfiguration;
			buildSettings = {
				BUNDLE_LOADER = "$(TEST_HOST)";
				CODE_SIGN_STYLE = Automatic;
				INFOPLIST_FILE = TweetyAppTests/Info.plist;
				IPHONEOS_DEPLOYMENT_TARGET = 14.5;
				LD_RUNPATH_SEARCH_PATHS = (
					"$(inherited)",
					"@executable_path/Frameworks",
					"@loader_path/Frameworks",
				);
				PRODUCT_BUNDLE_IDENTIFIER = com.complexityclass.TweetyAppTests;
				PRODUCT_NAME = "$(TARGET_NAME)";
				TARGETED_DEVICE_FAMILY = "1,2";
				TEST_HOST = "$(BUILT_PRODUCTS_DIR)/TweetyApp.app/TweetyApp";
			};
			name = Debug;
		};
		59523FD026B7ECB000678E5A /* Release */ = {
			isa = XCBuildConfiguration;
			buildSettings = {
				BUNDLE_LOADER = "$(TEST_HOST)";
				CODE_SIGN_STYLE = Automatic;
				INFOPLIST_FILE = TweetyAppTests/Info.plist;
				IPHONEOS_DEPLOYMENT_TARGET = 14.5;
				LD_RUNPATH_SEARCH_PATHS = (
					"$(inherited)",
					"@executable_path/Frameworks",
					"@loader_path/Frameworks",
				);
				PRODUCT_BUNDLE_IDENTIFIER = com.complexityclass.TweetyAppTests;
				PRODUCT_NAME = "$(TARGET_NAME)";
				TARGETED_DEVICE_FAMILY = "1,2";
				TEST_HOST = "$(BUILT_PRODUCTS_DIR)/TweetyApp.app/TweetyApp";
			};
			name = Release;
		};
		59523FD226B7ECB000678E5A /* Debug */ = {
			isa = XCBuildConfiguration;
			buildSettings = {
				CODE_SIGN_STYLE = Automatic;
				INFOPLIST_FILE = TweetyAppUITests/Info.plist;
				LD_RUNPATH_SEARCH_PATHS = (
					"$(inherited)",
					"@executable_path/Frameworks",
					"@loader_path/Frameworks",
				);
				PRODUCT_BUNDLE_IDENTIFIER = com.complexityclass.TweetyAppUITests;
				PRODUCT_NAME = "$(TARGET_NAME)";
				TARGETED_DEVICE_FAMILY = "1,2";
				TEST_TARGET_NAME = TweetyApp;
			};
			name = Debug;
		};
		59523FD326B7ECB000678E5A /* Release */ = {
			isa = XCBuildConfiguration;
			buildSettings = {
				CODE_SIGN_STYLE = Automatic;
				INFOPLIST_FILE = TweetyAppUITests/Info.plist;
				LD_RUNPATH_SEARCH_PATHS = (
					"$(inherited)",
					"@executable_path/Frameworks",
					"@loader_path/Frameworks",
				);
				PRODUCT_BUNDLE_IDENTIFIER = com.complexityclass.TweetyAppUITests;
				PRODUCT_NAME = "$(TARGET_NAME)";
				TARGETED_DEVICE_FAMILY = "1,2";
				TEST_TARGET_NAME = TweetyApp;
			};
			name = Release;
		};
/* End XCBuildConfiguration section */

/* Begin XCConfigurationList section */
		59523F9726B7ECAF00678E5A /* Build configuration list for PBXProject "TweetyApp" */ = {
			isa = XCConfigurationList;
			buildConfigurations = (
				59523FC926B7ECB000678E5A /* Debug */,
				59523FCA26B7ECB000678E5A /* Release */,
			);
			defaultConfigurationIsVisible = 0;
			defaultConfigurationName = Release;
		};
		59523FCB26B7ECB000678E5A /* Build configuration list for PBXNativeTarget "TweetyApp" */ = {
			isa = XCConfigurationList;
			buildConfigurations = (
				59523FCC26B7ECB000678E5A /* Debug */,
				59523FCD26B7ECB000678E5A /* Release */,
			);
			defaultConfigurationIsVisible = 0;
			defaultConfigurationName = Release;
		};
		59523FCE26B7ECB000678E5A /* Build configuration list for PBXNativeTarget "TweetyAppTests" */ = {
			isa = XCConfigurationList;
			buildConfigurations = (
				59523FCF26B7ECB000678E5A /* Debug */,
				59523FD026B7ECB000678E5A /* Release */,
			);
			defaultConfigurationIsVisible = 0;
			defaultConfigurationName = Release;
		};
		59523FD126B7ECB000678E5A /* Build configuration list for PBXNativeTarget "TweetyAppUITests" */ = {
			isa = XCConfigurationList;
			buildConfigurations = (
				59523FD226B7ECB000678E5A /* Debug */,
				59523FD326B7ECB000678E5A /* Release */,
			);
			defaultConfigurationIsVisible = 0;
			defaultConfigurationName = Release;
		};
/* End XCConfigurationList section */
	};
	rootObject = 59523F9426B7ECAF00678E5A /* Project object */;
}
